
Microsoft Visual Studio Solution File, Format Version 12.00
# Visual Studio Version 16
VisualStudioVersion = 16.0.29709.97
MinimumVisualStudioVersion = 10.0.40219.1
Project("{8BC9CEB8-8B4A-11D0-8D11-00A0C91BC942}") = "Timur_1500_2", "Timur_1500_2\Timur_1500_2.vcxproj", "{7B19C0A9-B0FA-4C7D-B783-9E7EBFFAB5D5}"
EndProject
Project("{8BC9CEB8-8B4A-11D0-8D11-00A0C91BC942}") = "UnitTest1", "UnitTest1\UnitTest1.vcxproj", "{82EFF461-8C4A-455C-835A-C4F32E9C9638}"
EndProject
Global
	GlobalSection(SolutionConfigurationPlatforms) = preSolution
		Debug|x64 = Debug|x64
		Debug|x86 = Debug|x86
		Release|x64 = Release|x64
		Release|x86 = Release|x86
	EndGlobalSection
	GlobalSection(ProjectConfigurationPlatforms) = postSolution
		{7B19C0A9-B0FA-4C7D-B783-9E7EBFFAB5D5}.Debug|x64.ActiveCfg = Debug|x64
		{7B19C0A9-B0FA-4C7D-B783-9E7EBFFAB5D5}.Debug|x64.Build.0 = Debug|x64
		{7B19C0A9-B0FA-4C7D-B783-9E7EBFFAB5D5}.Debug|x86.ActiveCfg = Debug|Win32
		{7B19C0A9-B0FA-4C7D-B783-9E7EBFFAB5D5}.Debug|x86.Build.0 = Debug|Win32
		{7B19C0A9-B0FA-4C7D-B783-9E7EBFFAB5D5}.Release|x64.ActiveCfg = Release|x64
		{7B19C0A9-B0FA-4C7D-B783-9E7EBFFAB5D5}.Release|x64.Build.0 = Release|x64
		{7B19C0A9-B0FA-4C7D-B783-9E7EBFFAB5D5}.Release|x86.ActiveCfg = Release|Win32
		{7B19C0A9-B0FA-4C7D-B783-9E7EBFFAB5D5}.Release|x86.Build.0 = Release|Win32
		{82EFF461-8C4A-455C-835A-C4F32E9C9638}.Debug|x64.ActiveCfg = Debug|x64
		{82EFF461-8C4A-455C-835A-C4F32E9C9638}.Debug|x64.Build.0 = Debug|x64
		{82EFF461-8C4A-455C-835A-C4F32E9C9638}.Debug|x86.ActiveCfg = Debug|Win32
		{82EFF461-8C4A-455C-835A-C4F32E9C9638}.Debug|x86.Build.0 = Debug|Win32
		{82EFF461-8C4A-455C-835A-C4F32E9C9638}.Release|x64.ActiveCfg = Release|x64
		{82EFF461-8C4A-455C-835A-C4F32E9C9638}.Release|x64.Build.0 = Release|x64
		{82EFF461-8C4A-455C-835A-C4F32E9C9638}.Release|x86.ActiveCfg = Release|Win32
		{82EFF461-8C4A-455C-835A-C4F32E9C9638}.Release|x86.Build.0 = Release|Win32
	EndGlobalSection
	GlobalSection(SolutionProperties) = preSolution
		HideSolutionNode = FALSE
	EndGlobalSection
	GlobalSection(ExtensibilityGlobals) = postSolution
		SolutionGuid = {0A3572D2-CA02-4779-9B05-2C699BB86301}
	EndGlobalSection
EndGlobal
